PODS:
  - Masonry (1.1.0)
  - RITLKit (2.0.3):
    - Masonry
    - RITLKit/Category (= 2.0.3)
    - RITLKit/ImagePicker (= 2.0.3)
    - RITLKit/ScrollPageController (= 2.0.3)
    - RITLKit/Utility (= 2.0.3)
    - RITLKit/View (= 2.0.3)
    - RITLKit/Web (= 2.0.3)
    - RITLViewFrame
  - RITLKit/Category (2.0.3):
    - Masonry
    - RITLKit/Utility
    - RITLViewFrame
  - RITLKit/ImagePicker (2.0.3):
    - Masonry
    - RITLViewFrame
  - RITLKit/ScrollPageController (2.0.3):
    - Masonry
    - RITLKit/Category
    - RITLKit/ScrollPageController/LLSegmentBar (= 2.0.3)
    - RITLKit/Utility
    - RITLViewFrame
  - RITLKit/ScrollPageController/LLSegmentBar (2.0.3):
    - Masonry
    - RITLKit/Category
    - RITLKit/Utility
    - RITLViewFrame
  - RITLKit/Utility (2.0.3):
    - Masonry
    - RITLKit/Utility/DownLoader (= 2.0.3)
    - RITLKit/Utility/Filter (= 2.0.3)
    - RITLKit/Utility/Reachability (= 2.0.3)
    - RITLViewFrame
  - RITLKit/Utility/DownLoader (2.0.3):
    - Masonry
    - RITLViewFrame
  - RITLKit/Utility/Filter (2.0.3):
    - Masonry
    - RITLViewFrame
  - RITLKit/Utility/Reachability (2.0.3):
    - Masonry
    - RITLViewFrame
  - RITLKit/View (2.0.3):
    - Masonry
    - RITLKit/Category
    - RITLKit/Utility
    - RITLViewFrame
  - RITLKit/Web (2.0.3):
    - Masonry
    - RITLKit/Category
    - RITLKit/Utility
    - RITLViewFrame
  - RITLViewFrame (0.0.1)

DEPENDENCIES:
  - RITLKit

SPEC REPOS:
  trunk:
    - Masonry
    - RITLKit
    - RITLViewFrame

SPEC CHECKSUMS:
  Masonry: 678fab65091a9290e40e2832a55e7ab731aad201
  RITLKit: bcedeca4d6f8fc7d56d6f5b2b15ad1f57cc221b6
  RITLViewFrame: 4e38e6333e6b4691c1980c3fcda9ff4d08f0d2c8

PODFILE CHECKSUM: 122ea84f433be1e63d1f0af883664c4c8f25951e

COCOAPODS: 1.10.1
