// !$*UTF8*$!
{
	archiveVersion = 1;
	classes = {
	};
	objectVersion = 46;
	objects = {

/* Begin PBXBuildFile section */
		DB1E32471F6BE4680024C60E /* RITLPhotoBaseViewModel.m in Sources */ = {isa = PBXBuildFile; fileRef = DB1E31FA1F6BE4680024C60E /* RITLPhotoBaseViewModel.m */; };
		DB1E32481F6BE4680024C60E /* RITLPhotoBrowseCell.m in Sources */ = {isa = PBXBuildFile; fileRef = DB1E31FD1F6BE4680024C60E /* RITLPhotoBrowseCell.m */; };
		DB1E32491F6BE4680024C60E /* RITLPhotoBrowseController.m in Sources */ = {isa = PBXBuildFile; fileRef = DB1E31FF1F6BE4680024C60E /* RITLPhotoBrowseController.m */; };
		DB1E324A1F6BE4680024C60E /* RITLPhotoBrowseViewModel.m in Sources */ = {isa = PBXBuildFile; fileRef = DB1E32011F6BE4680024C60E /* RITLPhotoBrowseViewModel.m */; };
		DB1E324B1F6BE4680024C60E /* RITLPhotoGroupCell.m in Sources */ = {isa = PBXBuildFile; fileRef = DB1E32041F6BE4680024C60E /* RITLPhotoGroupCell.m */; };
		DB1E324C1F6BE4680024C60E /* RITLPhotoGroupViewController.m in Sources */ = {isa = PBXBuildFile; fileRef = DB1E32061F6BE4680024C60E /* RITLPhotoGroupViewController.m */; };
		DB1E324D1F6BE4680024C60E /* RITLPhotoGroupViewModel.m in Sources */ = {isa = PBXBuildFile; fileRef = DB1E32081F6BE4680024C60E /* RITLPhotoGroupViewModel.m */; };
		DB1E324E1F6BE4680024C60E /* RITLPhotoNavigationViewController.m in Sources */ = {isa = PBXBuildFile; fileRef = DB1E320B1F6BE4680024C60E /* RITLPhotoNavigationViewController.m */; };
		DB1E324F1F6BE4680024C60E /* RITLPhotoNavigationViewModel.m in Sources */ = {isa = PBXBuildFile; fileRef = DB1E320D1F6BE4680024C60E /* RITLPhotoNavigationViewModel.m */; };
		DB1E32501F6BE4680024C60E /* RITLPhotoBridgeManager.m in Sources */ = {isa = PBXBuildFile; fileRef = DB1E32101F6BE4680024C60E /* RITLPhotoBridgeManager.m */; };
		DB1E32511F6BE4680024C60E /* RITLPhotoCacheManager.mm in Sources */ = {isa = PBXBuildFile; fileRef = DB1E32121F6BE4680024C60E /* RITLPhotoCacheManager.mm */; };
		DB1E32521F6BE4680024C60E /* RITLPhotoHandleManager.m in Sources */ = {isa = PBXBuildFile; fileRef = DB1E32141F6BE4680024C60E /* RITLPhotoHandleManager.m */; };
		DB1E32531F6BE4680024C60E /* RITLPhotoBottomReusableView.m in Sources */ = {isa = PBXBuildFile; fileRef = DB1E32171F6BE4680024C60E /* RITLPhotoBottomReusableView.m */; };
		DB1E32541F6BE4680024C60E /* RITLPhotoPreviewController.m in Sources */ = {isa = PBXBuildFile; fileRef = DB1E32191F6BE4680024C60E /* RITLPhotoPreviewController.m */; };
		DB1E32551F6BE4680024C60E /* RITLPhotosCell.m in Sources */ = {isa = PBXBuildFile; fileRef = DB1E321B1F6BE4680024C60E /* RITLPhotosCell.m */; };
		DB1E32561F6BE4680024C60E /* RITLPhotosViewController.m in Sources */ = {isa = PBXBuildFile; fileRef = DB1E321D1F6BE4680024C60E /* RITLPhotosViewController.m */; };
		DB1E32571F6BE4680024C60E /* RITLPhotosViewModel.m in Sources */ = {isa = PBXBuildFile; fileRef = DB1E321F1F6BE4680024C60E /* RITLPhotosViewModel.m */; };
		DB1E32581F6BE4680024C60E /* Localizable.strings in Resources */ = {isa = PBXBuildFile; fileRef = DB1E32211F6BE4680024C60E /* Localizable.strings */; };
		DB1E32591F6BE4680024C60E /* RITLPhotoRequestStore.m in Sources */ = {isa = PBXBuildFile; fileRef = DB1E32241F6BE4680024C60E /* RITLPhotoRequestStore.m */; };
		DB1E325A1F6BE4680024C60E /* RITLPhotoStore.m in Sources */ = {isa = PBXBuildFile; fileRef = DB1E32261F6BE4680024C60E /* RITLPhotoStore.m */; };
		DB1E325B1F6BE4680024C60E /* RITLPhotoStoreConfiguraion.m in Sources */ = {isa = PBXBuildFile; fileRef = DB1E32281F6BE4680024C60E /* RITLPhotoStoreConfiguraion.m */; };
		DB1E325C1F6BE4680024C60E /* PHAsset+RITLPhotoRepresentation.m in Sources */ = {isa = PBXBuildFile; fileRef = DB1E322D1F6BE4680024C60E /* PHAsset+RITLPhotoRepresentation.m */; };
		DB1E325D1F6BE4680024C60E /* PHAssetCollection+RITLPhotoRepresentation.m in Sources */ = {isa = PBXBuildFile; fileRef = DB1E322F1F6BE4680024C60E /* PHAssetCollection+RITLPhotoRepresentation.m */; };
		DB1E325E1F6BE4680024C60E /* PHFetchResult+RITLPhotoRepresentation.m in Sources */ = {isa = PBXBuildFile; fileRef = DB1E32311F6BE4680024C60E /* PHFetchResult+RITLPhotoRepresentation.m */; };
		DB1E325F1F6BE4680024C60E /* PHImageRequestOptions+RITLPhotoRepresentation.m in Sources */ = {isa = PBXBuildFile; fileRef = DB1E32331F6BE4680024C60E /* PHImageRequestOptions+RITLPhotoRepresentation.m */; };
		DB1E32601F6BE4680024C60E /* UIBar+RITLPhotos.m in Sources */ = {isa = PBXBuildFile; fileRef = DB1E32351F6BE4680024C60E /* UIBar+RITLPhotos.m */; };
		DB1E32611F6BE4680024C60E /* UIButton+RITLBlockButton.m in Sources */ = {isa = PBXBuildFile; fileRef = DB1E32371F6BE4680024C60E /* UIButton+RITLBlockButton.m */; };
		DB1E32621F6BE4680024C60E /* UIView+RITLFrameChanged.m in Sources */ = {isa = PBXBuildFile; fileRef = DB1E32391F6BE4680024C60E /* UIView+RITLFrameChanged.m */; };
		DB1E32631F6BE4680024C60E /* UIViewController+RITLPhotoAlertController.m in Sources */ = {isa = PBXBuildFile; fileRef = DB1E323B1F6BE4680024C60E /* UIViewController+RITLPhotoAlertController.m */; };
		DB1E32641F6BE4680024C60E /* RITLPhotos.xcassets in Resources */ = {isa = PBXBuildFile; fileRef = DB1E32461F6BE4680024C60E /* RITLPhotos.xcassets */; };
		DB1E32811F6BE4880024C60E /* Info.plist in Resources */ = {isa = PBXBuildFile; fileRef = DB1E32671F6BE4880024C60E /* Info.plist */; };
		DB1E32821F6BE4880024C60E /* MASCompositeConstraint.m in Sources */ = {isa = PBXBuildFile; fileRef = DB1E32691F6BE4880024C60E /* MASCompositeConstraint.m */; };
		DB1E32831F6BE4880024C60E /* MASConstraint.m in Sources */ = {isa = PBXBuildFile; fileRef = DB1E326C1F6BE4880024C60E /* MASConstraint.m */; };
		DB1E32841F6BE4880024C60E /* MASConstraintMaker.m in Sources */ = {isa = PBXBuildFile; fileRef = DB1E326E1F6BE4880024C60E /* MASConstraintMaker.m */; };
		DB1E32851F6BE4880024C60E /* MASLayoutConstraint.m in Sources */ = {isa = PBXBuildFile; fileRef = DB1E32701F6BE4880024C60E /* MASLayoutConstraint.m */; };
		DB1E32861F6BE4880024C60E /* MASViewAttribute.m in Sources */ = {isa = PBXBuildFile; fileRef = DB1E32741F6BE4880024C60E /* MASViewAttribute.m */; };
		DB1E32871F6BE4880024C60E /* MASViewConstraint.m in Sources */ = {isa = PBXBuildFile; fileRef = DB1E32761F6BE4880024C60E /* MASViewConstraint.m */; };
		DB1E32881F6BE4880024C60E /* NSArray+MASAdditions.m in Sources */ = {isa = PBXBuildFile; fileRef = DB1E32781F6BE4880024C60E /* NSArray+MASAdditions.m */; };
		DB1E32891F6BE4880024C60E /* NSLayoutConstraint+MASDebugAdditions.m in Sources */ = {isa = PBXBuildFile; fileRef = DB1E327B1F6BE4880024C60E /* NSLayoutConstraint+MASDebugAdditions.m */; };
		DB1E328A1F6BE4880024C60E /* View+MASAdditions.m in Sources */ = {isa = PBXBuildFile; fileRef = DB1E327D1F6BE4880024C60E /* View+MASAdditions.m */; };
		DB1E328B1F6BE4880024C60E /* ViewController+MASAdditions.m in Sources */ = {isa = PBXBuildFile; fileRef = DB1E32801F6BE4880024C60E /* ViewController+MASAdditions.m */; };
		DBA276791DED28F6007F4E0B /* Assets.xcassets in Resources */ = {isa = PBXBuildFile; fileRef = DBA276101DED28F5007F4E0B /* Assets.xcassets */; };
		DBA2767A1DED28F6007F4E0B /* LaunchScreen.storyboard in Resources */ = {isa = PBXBuildFile; fileRef = DBA276111DED28F5007F4E0B /* LaunchScreen.storyboard */; };
		DBA2767C1DED28F6007F4E0B /* main.m in Sources */ = {isa = PBXBuildFile; fileRef = DBA276141DED28F5007F4E0B /* main.m */; };
		DBA2767D1DED28F6007F4E0B /* Main.storyboard in Resources */ = {isa = PBXBuildFile; fileRef = DBA276151DED28F5007F4E0B /* Main.storyboard */; };
		DBA276A51DED28F6007F4E0B /* RITLPhotoMainViewController.m in Sources */ = {isa = PBXBuildFile; fileRef = DBA276731DED28F6007F4E0B /* RITLPhotoMainViewController.m */; };
		DBA276A61DED28F6007F4E0B /* RITLPhotosAppDelegate.m in Sources */ = {isa = PBXBuildFile; fileRef = DBA276761DED28F6007F4E0B /* RITLPhotosAppDelegate.m */; };
		DBA276A71DED28F6007F4E0B /* LaunchScreen.strings in Resources */ = {isa = PBXBuildFile; fileRef = DBA276771DED28F6007F4E0B /* LaunchScreen.strings */; };
		DBC3E4DC1D4845F9002FD0C7 /* Photos.framework in Frameworks */ = {isa = PBXBuildFile; fileRef = DBC3E4DB1D4845F9002FD0C7 /* Photos.framework */; };
/* End PBXBuildFile section */

/* Begin PBXContainerItemProxy section */
		DB302F421D35E3C7007B42C3 /* PBXContainerItemProxy */ = {
			isa = PBXContainerItemProxy;
			containerPortal = DB302F201D35E3C7007B42C3 /* Project object */;
			proxyType = 1;
			remoteGlobalIDString = DB302F271D35E3C7007B42C3;
			remoteInfo = YPPhotoDemo;
		};
		DB302F4D1D35E3C7007B42C3 /* PBXContainerItemProxy */ = {
			isa = PBXContainerItemProxy;
			containerPortal = DB302F201D35E3C7007B42C3 /* Project object */;
			proxyType = 1;
			remoteGlobalIDString = DB302F271D35E3C7007B42C3;
			remoteInfo = YPPhotoDemo;
		};
/* End PBXContainerItemProxy section */

/* Begin PBXFileReference section */
		DB1E31F91F6BE4680024C60E /* RITLPhotoBaseViewModel.h */ = {isa = PBXFileReference; fileEncoding = 4; lastKnownFileType = sourcecode.c.h; path = RITLPhotoBaseViewModel.h; sourceTree = "<group>"; };
		DB1E31FA1F6BE4680024C60E /* RITLPhotoBaseViewModel.m */ = {isa = PBXFileReference; fileEncoding = 4; lastKnownFileType = sourcecode.c.objc; path = RITLPhotoBaseViewModel.m; sourceTree = "<group>"; };
		DB1E31FC1F6BE4680024C60E /* RITLPhotoBrowseCell.h */ = {isa = PBXFileReference; fileEncoding = 4; lastKnownFileType = sourcecode.c.h; path = RITLPhotoBrowseCell.h; sourceTree = "<group>"; };
		DB1E31FD1F6BE4680024C60E /* RITLPhotoBrowseCell.m */ = {isa = PBXFileReference; fileEncoding = 4; lastKnownFileType = sourcecode.c.objc; path = RITLPhotoBrowseCell.m; sourceTree = "<group>"; };
		DB1E31FE1F6BE4680024C60E /* RITLPhotoBrowseController.h */ = {isa = PBXFileReference; fileEncoding = 4; lastKnownFileType = sourcecode.c.h; path = RITLPhotoBrowseController.h; sourceTree = "<group>"; };
		DB1E31FF1F6BE4680024C60E /* RITLPhotoBrowseController.m */ = {isa = PBXFileReference; fileEncoding = 4; lastKnownFileType = sourcecode.c.objc; path = RITLPhotoBrowseController.m; sourceTree = "<group>"; };
		DB1E32001F6BE4680024C60E /* RITLPhotoBrowseViewModel.h */ = {isa = PBXFileReference; fileEncoding = 4; lastKnownFileType = sourcecode.c.h; path = RITLPhotoBrowseViewModel.h; sourceTree = "<group>"; };
		DB1E32011F6BE4680024C60E /* RITLPhotoBrowseViewModel.m */ = {isa = PBXFileReference; fileEncoding = 4; lastKnownFileType = sourcecode.c.objc; path = RITLPhotoBrowseViewModel.m; sourceTree = "<group>"; };
		DB1E32031F6BE4680024C60E /* RITLPhotoGroupCell.h */ = {isa = PBXFileReference; fileEncoding = 4; lastKnownFileType = sourcecode.c.h; path = RITLPhotoGroupCell.h; sourceTree = "<group>"; };
		DB1E32041F6BE4680024C60E /* RITLPhotoGroupCell.m */ = {isa = PBXFileReference; fileEncoding = 4; lastKnownFileType = sourcecode.c.objc; path = RITLPhotoGroupCell.m; sourceTree = "<group>"; };
		DB1E32051F6BE4680024C60E /* RITLPhotoGroupViewController.h */ = {isa = PBXFileReference; fileEncoding = 4; lastKnownFileType = sourcecode.c.h; path = RITLPhotoGroupViewController.h; sourceTree = "<group>"; };
		DB1E32061F6BE4680024C60E /* RITLPhotoGroupViewController.m */ = {isa = PBXFileReference; fileEncoding = 4; lastKnownFileType = sourcecode.c.objc; path = RITLPhotoGroupViewController.m; sourceTree = "<group>"; };
		DB1E32071F6BE4680024C60E /* RITLPhotoGroupViewModel.h */ = {isa = PBXFileReference; fileEncoding = 4; lastKnownFileType = sourcecode.c.h; path = RITLPhotoGroupViewModel.h; sourceTree = "<group>"; };
		DB1E32081F6BE4680024C60E /* RITLPhotoGroupViewModel.m */ = {isa = PBXFileReference; fileEncoding = 4; lastKnownFileType = sourcecode.c.objc; path = RITLPhotoGroupViewModel.m; sourceTree = "<group>"; };
		DB1E320A1F6BE4680024C60E /* RITLPhotoNavigationViewController.h */ = {isa = PBXFileReference; fileEncoding = 4; lastKnownFileType = sourcecode.c.h; path = RITLPhotoNavigationViewController.h; sourceTree = "<group>"; };
		DB1E320B1F6BE4680024C60E /* RITLPhotoNavigationViewController.m */ = {isa = PBXFileReference; fileEncoding = 4; lastKnownFileType = sourcecode.c.objc; path = RITLPhotoNavigationViewController.m; sourceTree = "<group>"; };
		DB1E320C1F6BE4680024C60E /* RITLPhotoNavigationViewModel.h */ = {isa = PBXFileReference; fileEncoding = 4; lastKnownFileType = sourcecode.c.h; path = RITLPhotoNavigationViewModel.h; sourceTree = "<group>"; };
		DB1E320D1F6BE4680024C60E /* RITLPhotoNavigationViewModel.m */ = {isa = PBXFileReference; fileEncoding = 4; lastKnownFileType = sourcecode.c.objc; path = RITLPhotoNavigationViewModel.m; sourceTree = "<group>"; };
		DB1E320F1F6BE4680024C60E /* RITLPhotoBridgeManager.h */ = {isa = PBXFileReference; fileEncoding = 4; lastKnownFileType = sourcecode.c.h; path = RITLPhotoBridgeManager.h; sourceTree = "<group>"; };
		DB1E32101F6BE4680024C60E /* RITLPhotoBridgeManager.m */ = {isa = PBXFileReference; fileEncoding = 4; lastKnownFileType = sourcecode.c.objc; path = RITLPhotoBridgeManager.m; sourceTree = "<group>"; };
		DB1E32111F6BE4680024C60E /* RITLPhotoCacheManager.h */ = {isa = PBXFileReference; fileEncoding = 4; lastKnownFileType = sourcecode.c.h; path = RITLPhotoCacheManager.h; sourceTree = "<group>"; };
		DB1E32121F6BE4680024C60E /* RITLPhotoCacheManager.mm */ = {isa = PBXFileReference; fileEncoding = 4; lastKnownFileType = sourcecode.cpp.objcpp; path = RITLPhotoCacheManager.mm; sourceTree = "<group>"; };
		DB1E32131F6BE4680024C60E /* RITLPhotoHandleManager.h */ = {isa = PBXFileReference; fileEncoding = 4; lastKnownFileType = sourcecode.c.h; path = RITLPhotoHandleManager.h; sourceTree = "<group>"; };
		DB1E32141F6BE4680024C60E /* RITLPhotoHandleManager.m */ = {isa = PBXFileReference; fileEncoding = 4; lastKnownFileType = sourcecode.c.objc; path = RITLPhotoHandleManager.m; sourceTree = "<group>"; };
		DB1E32161F6BE4680024C60E /* RITLPhotoBottomReusableView.h */ = {isa = PBXFileReference; fileEncoding = 4; lastKnownFileType = sourcecode.c.h; path = RITLPhotoBottomReusableView.h; sourceTree = "<group>"; };
		DB1E32171F6BE4680024C60E /* RITLPhotoBottomReusableView.m */ = {isa = PBXFileReference; fileEncoding = 4; lastKnownFileType = sourcecode.c.objc; path = RITLPhotoBottomReusableView.m; sourceTree = "<group>"; };
		DB1E32181F6BE4680024C60E /* RITLPhotoPreviewController.h */ = {isa = PBXFileReference; fileEncoding = 4; lastKnownFileType = sourcecode.c.h; path = RITLPhotoPreviewController.h; sourceTree = "<group>"; };
		DB1E32191F6BE4680024C60E /* RITLPhotoPreviewController.m */ = {isa = PBXFileReference; fileEncoding = 4; lastKnownFileType = sourcecode.c.objc; path = RITLPhotoPreviewController.m; sourceTree = "<group>"; };
		DB1E321A1F6BE4680024C60E /* RITLPhotosCell.h */ = {isa = PBXFileReference; fileEncoding = 4; lastKnownFileType = sourcecode.c.h; path = RITLPhotosCell.h; sourceTree = "<group>"; };
		DB1E321B1F6BE4680024C60E /* RITLPhotosCell.m */ = {isa = PBXFileReference; fileEncoding = 4; lastKnownFileType = sourcecode.c.objc; path = RITLPhotosCell.m; sourceTree = "<group>"; };
		DB1E321C1F6BE4680024C60E /* RITLPhotosViewController.h */ = {isa = PBXFileReference; fileEncoding = 4; lastKnownFileType = sourcecode.c.h; path = RITLPhotosViewController.h; sourceTree = "<group>"; };
		DB1E321D1F6BE4680024C60E /* RITLPhotosViewController.m */ = {isa = PBXFileReference; fileEncoding = 4; lastKnownFileType = sourcecode.c.objc; path = RITLPhotosViewController.m; sourceTree = "<group>"; };
		DB1E321E1F6BE4680024C60E /* RITLPhotosViewModel.h */ = {isa = PBXFileReference; fileEncoding = 4; lastKnownFileType = sourcecode.c.h; path = RITLPhotosViewModel.h; sourceTree = "<group>"; };
		DB1E321F1F6BE4680024C60E /* RITLPhotosViewModel.m */ = {isa = PBXFileReference; fileEncoding = 4; lastKnownFileType = sourcecode.c.objc; path = RITLPhotosViewModel.m; sourceTree = "<group>"; };
		DB1E32221F6BE4680024C60E /* en */ = {isa = PBXFileReference; lastKnownFileType = text.plist.strings; name = en; path = en.lproj/Localizable.strings; sourceTree = "<group>"; };
		DB1E32231F6BE4680024C60E /* RITLPhotoRequestStore.h */ = {isa = PBXFileReference; fileEncoding = 4; lastKnownFileType = sourcecode.c.h; path = RITLPhotoRequestStore.h; sourceTree = "<group>"; };
		DB1E32241F6BE4680024C60E /* RITLPhotoRequestStore.m */ = {isa = PBXFileReference; fileEncoding = 4; lastKnownFileType = sourcecode.c.objc; path = RITLPhotoRequestStore.m; sourceTree = "<group>"; };
		DB1E32251F6BE4680024C60E /* RITLPhotoStore.h */ = {isa = PBXFileReference; fileEncoding = 4; lastKnownFileType = sourcecode.c.h; path = RITLPhotoStore.h; sourceTree = "<group>"; };
		DB1E32261F6BE4680024C60E /* RITLPhotoStore.m */ = {isa = PBXFileReference; fileEncoding = 4; lastKnownFileType = sourcecode.c.objc; path = RITLPhotoStore.m; sourceTree = "<group>"; };
		DB1E32271F6BE4680024C60E /* RITLPhotoStoreConfiguraion.h */ = {isa = PBXFileReference; fileEncoding = 4; lastKnownFileType = sourcecode.c.h; path = RITLPhotoStoreConfiguraion.h; sourceTree = "<group>"; };
		DB1E32281F6BE4680024C60E /* RITLPhotoStoreConfiguraion.m */ = {isa = PBXFileReference; fileEncoding = 4; lastKnownFileType = sourcecode.c.objc; path = RITLPhotoStoreConfiguraion.m; sourceTree = "<group>"; };
		DB1E32291F6BE4680024C60E /* zh-Hans */ = {isa = PBXFileReference; lastKnownFileType = text.plist.strings; name = "zh-Hans"; path = "zh-Hans.lproj/Localizable.strings"; sourceTree = "<group>"; };
		DB1E322C1F6BE4680024C60E /* PHAsset+RITLPhotoRepresentation.h */ = {isa = PBXFileReference; fileEncoding = 4; lastKnownFileType = sourcecode.c.h; path = "PHAsset+RITLPhotoRepresentation.h"; sourceTree = "<group>"; };
		DB1E322D1F6BE4680024C60E /* PHAsset+RITLPhotoRepresentation.m */ = {isa = PBXFileReference; fileEncoding = 4; lastKnownFileType = sourcecode.c.objc; path = "PHAsset+RITLPhotoRepresentation.m"; sourceTree = "<group>"; };
		DB1E322E1F6BE4680024C60E /* PHAssetCollection+RITLPhotoRepresentation.h */ = {isa = PBXFileReference; fileEncoding = 4; lastKnownFileType = sourcecode.c.h; path = "PHAssetCollection+RITLPhotoRepresentation.h"; sourceTree = "<group>"; };
		DB1E322F1F6BE4680024C60E /* PHAssetCollection+RITLPhotoRepresentation.m */ = {isa = PBXFileReference; fileEncoding = 4; lastKnownFileType = sourcecode.c.objc; path = "PHAssetCollection+RITLPhotoRepresentation.m"; sourceTree = "<group>"; };
		DB1E32301F6BE4680024C60E /* PHFetchResult+RITLPhotoRepresentation.h */ = {isa = PBXFileReference; fileEncoding = 4; lastKnownFileType = sourcecode.c.h; path = "PHFetchResult+RITLPhotoRepresentation.h"; sourceTree = "<group>"; };
		DB1E32311F6BE4680024C60E /* PHFetchResult+RITLPhotoRepresentation.m */ = {isa = PBXFileReference; fileEncoding = 4; lastKnownFileType = sourcecode.c.objc; path = "PHFetchResult+RITLPhotoRepresentation.m"; sourceTree = "<group>"; };
		DB1E32321F6BE4680024C60E /* PHImageRequestOptions+RITLPhotoRepresentation.h */ = {isa = PBXFileReference; fileEncoding = 4; lastKnownFileType = sourcecode.c.h; path = "PHImageRequestOptions+RITLPhotoRepresentation.h"; sourceTree = "<group>"; };
		DB1E32331F6BE4680024C60E /* PHImageRequestOptions+RITLPhotoRepresentation.m */ = {isa = PBXFileReference; fileEncoding = 4; lastKnownFileType = sourcecode.c.objc; path = "PHImageRequestOptions+RITLPhotoRepresentation.m"; sourceTree = "<group>"; };
		DB1E32341F6BE4680024C60E /* UIBar+RITLPhotos.h */ = {isa = PBXFileReference; fileEncoding = 4; lastKnownFileType = sourcecode.c.h; path = "UIBar+RITLPhotos.h"; sourceTree = "<group>"; };
		DB1E32351F6BE4680024C60E /* UIBar+RITLPhotos.m */ = {isa = PBXFileReference; fileEncoding = 4; lastKnownFileType = sourcecode.c.objc; path = "UIBar+RITLPhotos.m"; sourceTree = "<group>"; };
		DB1E32361F6BE4680024C60E /* UIButton+RITLBlockButton.h */ = {isa = PBXFileReference; fileEncoding = 4; lastKnownFileType = sourcecode.c.h; path = "UIButton+RITLBlockButton.h"; sourceTree = "<group>"; };
		DB1E32371F6BE4680024C60E /* UIButton+RITLBlockButton.m */ = {isa = PBXFileReference; fileEncoding = 4; lastKnownFileType = sourcecode.c.objc; path = "UIButton+RITLBlockButton.m"; sourceTree = "<group>"; };
		DB1E32381F6BE4680024C60E /* UIView+RITLFrameChanged.h */ = {isa = PBXFileReference; fileEncoding = 4; lastKnownFileType = sourcecode.c.h; path = "UIView+RITLFrameChanged.h"; sourceTree = "<group>"; };
		DB1E32391F6BE4680024C60E /* UIView+RITLFrameChanged.m */ = {isa = PBXFileReference; fileEncoding = 4; lastKnownFileType = sourcecode.c.objc; path = "UIView+RITLFrameChanged.m"; sourceTree = "<group>"; };
		DB1E323A1F6BE4680024C60E /* UIViewController+RITLPhotoAlertController.h */ = {isa = PBXFileReference; fileEncoding = 4; lastKnownFileType = sourcecode.c.h; path = "UIViewController+RITLPhotoAlertController.h"; sourceTree = "<group>"; };
		DB1E323B1F6BE4680024C60E /* UIViewController+RITLPhotoAlertController.m */ = {isa = PBXFileReference; fileEncoding = 4; lastKnownFileType = sourcecode.c.objc; path = "UIViewController+RITLPhotoAlertController.m"; sourceTree = "<group>"; };
		DB1E323D1F6BE4680024C60E /* RITLPhotoCollectionCellViewModel.h */ = {isa = PBXFileReference; fileEncoding = 4; lastKnownFileType = sourcecode.c.h; path = RITLPhotoCollectionCellViewModel.h; sourceTree = "<group>"; };
		DB1E323E1F6BE4680024C60E /* RITLPhotoCollectionViewModel.h */ = {isa = PBXFileReference; fileEncoding = 4; lastKnownFileType = sourcecode.c.h; path = RITLPhotoCollectionViewModel.h; sourceTree = "<group>"; };
		DB1E323F1F6BE4680024C60E /* RITLPhotoPublicViewModel.h */ = {isa = PBXFileReference; fileEncoding = 4; lastKnownFileType = sourcecode.c.h; path = RITLPhotoPublicViewModel.h; sourceTree = "<group>"; };
		DB1E32401F6BE4680024C60E /* RITLPhotoScrollViewModel.h */ = {isa = PBXFileReference; fileEncoding = 4; lastKnownFileType = sourcecode.c.h; path = RITLPhotoScrollViewModel.h; sourceTree = "<group>"; };
		DB1E32411F6BE4680024C60E /* RITLPhotoTableCellViewModel.h */ = {isa = PBXFileReference; fileEncoding = 4; lastKnownFileType = sourcecode.c.h; path = RITLPhotoTableCellViewModel.h; sourceTree = "<group>"; };
		DB1E32421F6BE4680024C60E /* RITLPhotoTableViewModel.h */ = {isa = PBXFileReference; fileEncoding = 4; lastKnownFileType = sourcecode.c.h; path = RITLPhotoTableViewModel.h; sourceTree = "<group>"; };
		DB1E32431F6BE4680024C60E /* RITLPhotoTextFieldViewModel.h */ = {isa = PBXFileReference; fileEncoding = 4; lastKnownFileType = sourcecode.c.h; path = RITLPhotoTextFieldViewModel.h; sourceTree = "<group>"; };
		DB1E32441F6BE4680024C60E /* RITLPhotoViewController.h */ = {isa = PBXFileReference; fileEncoding = 4; lastKnownFileType = sourcecode.c.h; path = RITLPhotoViewController.h; sourceTree = "<group>"; };
		DB1E32451F6BE4680024C60E /* RITLPhotoConfig.h */ = {isa = PBXFileReference; fileEncoding = 4; lastKnownFileType = sourcecode.c.h; path = RITLPhotoConfig.h; sourceTree = "<group>"; };
		DB1E32461F6BE4680024C60E /* RITLPhotos.xcassets */ = {isa = PBXFileReference; lastKnownFileType = folder.assetcatalog; path = RITLPhotos.xcassets; sourceTree = "<group>"; };
		DB1E32671F6BE4880024C60E /* Info.plist */ = {isa = PBXFileReference; fileEncoding = 4; lastKnownFileType = text.plist.xml; path = Info.plist; sourceTree = "<group>"; };
		DB1E32681F6BE4880024C60E /* MASCompositeConstraint.h */ = {isa = PBXFileReference; fileEncoding = 4; lastKnownFileType = sourcecode.c.h; path = MASCompositeConstraint.h; sourceTree = "<group>"; };
		DB1E32691F6BE4880024C60E /* MASCompositeConstraint.m */ = {isa = PBXFileReference; fileEncoding = 4; lastKnownFileType = sourcecode.c.objc; path = MASCompositeConstraint.m; sourceTree = "<group>"; };
		DB1E326A1F6BE4880024C60E /* MASConstraint+Private.h */ = {isa = PBXFileReference; fileEncoding = 4; lastKnownFileType = sourcecode.c.h; path = "MASConstraint+Private.h"; sourceTree = "<group>"; };
		DB1E326B1F6BE4880024C60E /* MASConstraint.h */ = {isa = PBXFileReference; fileEncoding = 4; lastKnownFileType = sourcecode.c.h; path = MASConstraint.h; sourceTree = "<group>"; };
		DB1E326C1F6BE4880024C60E /* MASConstraint.m */ = {isa = PBXFileReference; fileEncoding = 4; lastKnownFileType = sourcecode.c.objc; path = MASConstraint.m; sourceTree = "<group>"; };
		DB1E326D1F6BE4880024C60E /* MASConstraintMaker.h */ = {isa = PBXFileReference; fileEncoding = 4; lastKnownFileType = sourcecode.c.h; path = MASConstraintMaker.h; sourceTree = "<group>"; };
		DB1E326E1F6BE4880024C60E /* MASConstraintMaker.m */ = {isa = PBXFileReference; fileEncoding = 4; lastKnownFileType = sourcecode.c.objc; path = MASConstraintMaker.m; sourceTree = "<group>"; };
		DB1E326F1F6BE4880024C60E /* MASLayoutConstraint.h */ = {isa = PBXFileReference; fileEncoding = 4; lastKnownFileType = sourcecode.c.h; path = MASLayoutConstraint.h; sourceTree = "<group>"; };
		DB1E32701F6BE4880024C60E /* MASLayoutConstraint.m */ = {isa = PBXFileReference; fileEncoding = 4; lastKnownFileType = sourcecode.c.objc; path = MASLayoutConstraint.m; sourceTree = "<group>"; };
		DB1E32711F6BE4880024C60E /* Masonry.h */ = {isa = PBXFileReference; fileEncoding = 4; lastKnownFileType = sourcecode.c.h; path = Masonry.h; sourceTree = "<group>"; };
		DB1E32721F6BE4880024C60E /* MASUtilities.h */ = {isa = PBXFileReference; fileEncoding = 4; lastKnownFileType = sourcecode.c.h; path = MASUtilities.h; sourceTree = "<group>"; };
		DB1E32731F6BE4880024C60E /* MASViewAttribute.h */ = {isa = PBXFileReference; fileEncoding = 4; lastKnownFileType = sourcecode.c.h; path = MASViewAttribute.h; sourceTree = "<group>"; };
		DB1E32741F6BE4880024C60E /* MASViewAttribute.m */ = {isa = PBXFileReference; fileEncoding = 4; lastKnownFileType = sourcecode.c.objc; path = MASViewAttribute.m; sourceTree = "<group>"; };
		DB1E32751F6BE4880024C60E /* MASViewConstraint.h */ = {isa = PBXFileReference; fileEncoding = 4; lastKnownFileType = sourcecode.c.h; path = MASViewConstraint.h; sourceTree = "<group>"; };
		DB1E32761F6BE4880024C60E /* MASViewConstraint.m */ = {isa = PBXFileReference; fileEncoding = 4; lastKnownFileType = sourcecode.c.objc; path = MASViewConstraint.m; sourceTree = "<group>"; };
		DB1E32771F6BE4880024C60E /* NSArray+MASAdditions.h */ = {isa = PBXFileReference; fileEncoding = 4; lastKnownFileType = sourcecode.c.h; path = "NSArray+MASAdditions.h"; sourceTree = "<group>"; };
		DB1E32781F6BE4880024C60E /* NSArray+MASAdditions.m */ = {isa = PBXFileReference; fileEncoding = 4; lastKnownFileType = sourcecode.c.objc; path = "NSArray+MASAdditions.m"; sourceTree = "<group>"; };
		DB1E32791F6BE4880024C60E /* NSArray+MASShorthandAdditions.h */ = {isa = PBXFileReference; fileEncoding = 4; lastKnownFileType = sourcecode.c.h; path = "NSArray+MASShorthandAdditions.h"; sourceTree = "<group>"; };
		DB1E327A1F6BE4880024C60E /* NSLayoutConstraint+MASDebugAdditions.h */ = {isa = PBXFileReference; fileEncoding = 4; lastKnownFileType = sourcecode.c.h; path = "NSLayoutConstraint+MASDebugAdditions.h"; sourceTree = "<group>"; };
		DB1E327B1F6BE4880024C60E /* NSLayoutConstraint+MASDebugAdditions.m */ = {isa = PBXFileReference; fileEncoding = 4; lastKnownFileType = sourcecode.c.objc; path = "NSLayoutConstraint+MASDebugAdditions.m"; sourceTree = "<group>"; };
		DB1E327C1F6BE4880024C60E /* View+MASAdditions.h */ = {isa = PBXFileReference; fileEncoding = 4; lastKnownFileType = sourcecode.c.h; path = "View+MASAdditions.h"; sourceTree = "<group>"; };
		DB1E327D1F6BE4880024C60E /* View+MASAdditions.m */ = {isa = PBXFileReference; fileEncoding = 4; lastKnownFileType = sourcecode.c.objc; path = "View+MASAdditions.m"; sourceTree = "<group>"; };
		DB1E327E1F6BE4880024C60E /* View+MASShorthandAdditions.h */ = {isa = PBXFileReference; fileEncoding = 4; lastKnownFileType = sourcecode.c.h; path = "View+MASShorthandAdditions.h"; sourceTree = "<group>"; };
		DB1E327F1F6BE4880024C60E /* ViewController+MASAdditions.h */ = {isa = PBXFileReference; fileEncoding = 4; lastKnownFileType = sourcecode.c.h; path = "ViewController+MASAdditions.h"; sourceTree = "<group>"; };
		DB1E32801F6BE4880024C60E /* ViewController+MASAdditions.m */ = {isa = PBXFileReference; fileEncoding = 4; lastKnownFileType = sourcecode.c.objc; path = "ViewController+MASAdditions.m"; sourceTree = "<group>"; };
		DB1E328C1F6BE4A00024C60E /* RITLPhotos.h */ = {isa = PBXFileReference; lastKnownFileType = sourcecode.c.h; path = RITLPhotos.h; sourceTree = "<group>"; };
		DB302F281D35E3C7007B42C3 /* RITLPhotoDemo.app */ = {isa = PBXFileReference; explicitFileType = wrapper.application; includeInIndex = 0; path = RITLPhotoDemo.app; sourceTree = BUILT_PRODUCTS_DIR; };
		DB302F411D35E3C7007B42C3 /* RITLPhotoDemoTests.xctest */ = {isa = PBXFileReference; explicitFileType = wrapper.cfbundle; includeInIndex = 0; path = RITLPhotoDemoTests.xctest; sourceTree = BUILT_PRODUCTS_DIR; };
		DB302F4C1D35E3C7007B42C3 /* RITLPhotoDemoUITests.xctest */ = {isa = PBXFileReference; explicitFileType = wrapper.cfbundle; includeInIndex = 0; path = RITLPhotoDemoUITests.xctest; sourceTree = BUILT_PRODUCTS_DIR; };
		DBA276101DED28F5007F4E0B /* Assets.xcassets */ = {isa = PBXFileReference; lastKnownFileType = folder.assetcatalog; path = Assets.xcassets; sourceTree = "<group>"; };
		DBA276121DED28F5007F4E0B /* Base */ = {isa = PBXFileReference; lastKnownFileType = file.storyboard; name = Base; path = Base.lproj/LaunchScreen.storyboard; sourceTree = "<group>"; };
		DBA276131DED28F5007F4E0B /* Info.plist */ = {isa = PBXFileReference; fileEncoding = 4; lastKnownFileType = text.plist.xml; path = Info.plist; sourceTree = "<group>"; };
		DBA276141DED28F5007F4E0B /* main.m */ = {isa = PBXFileReference; fileEncoding = 4; lastKnownFileType = sourcecode.c.objc; path = main.m; sourceTree = "<group>"; };
		DBA276151DED28F5007F4E0B /* Main.storyboard */ = {isa = PBXFileReference; fileEncoding = 4; lastKnownFileType = file.storyboard; path = Main.storyboard; sourceTree = "<group>"; };
		DBA276721DED28F6007F4E0B /* RITLPhotoMainViewController.h */ = {isa = PBXFileReference; fileEncoding = 4; lastKnownFileType = sourcecode.c.h; path = RITLPhotoMainViewController.h; sourceTree = "<group>"; };
		DBA276731DED28F6007F4E0B /* RITLPhotoMainViewController.m */ = {isa = PBXFileReference; fileEncoding = 4; lastKnownFileType = sourcecode.c.objc; path = RITLPhotoMainViewController.m; sourceTree = "<group>"; };
		DBA276741DED28F6007F4E0B /* YPhotos.pch */ = {isa = PBXFileReference; fileEncoding = 4; lastKnownFileType = sourcecode.c.h; path = YPhotos.pch; sourceTree = "<group>"; };
		DBA276751DED28F6007F4E0B /* RITLPhotosAppDelegate.h */ = {isa = PBXFileReference; fileEncoding = 4; lastKnownFileType = sourcecode.c.h; path = RITLPhotosAppDelegate.h; sourceTree = "<group>"; };
		DBA276761DED28F6007F4E0B /* RITLPhotosAppDelegate.m */ = {isa = PBXFileReference; fileEncoding = 4; lastKnownFileType = sourcecode.c.objc; path = RITLPhotosAppDelegate.m; sourceTree = "<group>"; };
		DBA276781DED28F6007F4E0B /* zh-Hans */ = {isa = PBXFileReference; lastKnownFileType = text.plist.strings; name = "zh-Hans"; path = "zh-Hans.lproj/LaunchScreen.strings"; sourceTree = "<group>"; };
		DBC3E4DB1D4845F9002FD0C7 /* Photos.framework */ = {isa = PBXFileReference; lastKnownFileType = wrapper.framework; name = Photos.framework; path = System/Library/Frameworks/Photos.framework; sourceTree = SDKROOT; };
/* End PBXFileReference section */

/* Begin PBXFrameworksBuildPhase section */
		DB302F251D35E3C7007B42C3 /* Frameworks */ = {
			isa = PBXFrameworksBuildPhase;
			buildActionMask = 2147483647;
			files = (
				DBC3E4DC1D4845F9002FD0C7 /* Photos.framework in Frameworks */,
			);
			runOnlyForDeploymentPostprocessing = 0;
		};
		DB302F3E1D35E3C7007B42C3 /* Frameworks */ = {
			isa = PBXFrameworksBuildPhase;
			buildActionMask = 2147483647;
			files = (
			);
			runOnlyForDeploymentPostprocessing = 0;
		};
		DB302F491D35E3C7007B42C3 /* Frameworks */ = {
			isa = PBXFrameworksBuildPhase;
			buildActionMask = 2147483647;
			files = (
			);
			runOnlyForDeploymentPostprocessing = 0;
		};
/* End PBXFrameworksBuildPhase section */

/* Begin PBXGroup section */
		DB1E31F61F6BE4680024C60E /* RITLPhotos */ = {
			isa = PBXGroup;
			children = (
				DB1E32651F6BE4880024C60E /* Tool */,
				DB1E31F71F6BE4680024C60E /* PhotosFiles */,
			);
			path = RITLPhotos;
			sourceTree = "<group>";
		};
		DB1E31F71F6BE4680024C60E /* PhotosFiles */ = {
			isa = PBXGroup;
			children = (
				DB1E328C1F6BE4A00024C60E /* RITLPhotos.h */,
				DB1E31F81F6BE4680024C60E /* BaseClass */,
				DB1E31FB1F6BE4680024C60E /* Brower */,
				DB1E32021F6BE4680024C60E /* Group */,
				DB1E32091F6BE4680024C60E /* Navigation */,
				DB1E320E1F6BE4680024C60E /* PhotoDataManager */,
				DB1E32151F6BE4680024C60E /* Photos */,
				DB1E32201F6BE4680024C60E /* PhotosStore */,
				DB1E322A1F6BE4680024C60E /* Supporting */,
			);
			path = PhotosFiles;
			sourceTree = "<group>";
		};
		DB1E31F81F6BE4680024C60E /* BaseClass */ = {
			isa = PBXGroup;
			children = (
				DB1E31F91F6BE4680024C60E /* RITLPhotoBaseViewModel.h */,
				DB1E31FA1F6BE4680024C60E /* RITLPhotoBaseViewModel.m */,
			);
			path = BaseClass;
			sourceTree = "<group>";
		};
		DB1E31FB1F6BE4680024C60E /* Brower */ = {
			isa = PBXGroup;
			children = (
				DB1E31FC1F6BE4680024C60E /* RITLPhotoBrowseCell.h */,
				DB1E31FD1F6BE4680024C60E /* RITLPhotoBrowseCell.m */,
				DB1E31FE1F6BE4680024C60E /* RITLPhotoBrowseController.h */,
				DB1E31FF1F6BE4680024C60E /* RITLPhotoBrowseController.m */,
				DB1E32001F6BE4680024C60E /* RITLPhotoBrowseViewModel.h */,
				DB1E32011F6BE4680024C60E /* RITLPhotoBrowseViewModel.m */,
			);
			path = Brower;
			sourceTree = "<group>";
		};
		DB1E32021F6BE4680024C60E /* Group */ = {
			isa = PBXGroup;
			children = (
				DB1E32031F6BE4680024C60E /* RITLPhotoGroupCell.h */,
				DB1E32041F6BE4680024C60E /* RITLPhotoGroupCell.m */,
				DB1E32051F6BE4680024C60E /* RITLPhotoGroupViewController.h */,
				DB1E32061F6BE4680024C60E /* RITLPhotoGroupViewController.m */,
				DB1E32071F6BE4680024C60E /* RITLPhotoGroupViewModel.h */,
				DB1E32081F6BE4680024C60E /* RITLPhotoGroupViewModel.m */,
			);
			path = Group;
			sourceTree = "<group>";
		};
		DB1E32091F6BE4680024C60E /* Navigation */ = {
			isa = PBXGroup;
			children = (
				DB1E320A1F6BE4680024C60E /* RITLPhotoNavigationViewController.h */,
				DB1E320B1F6BE4680024C60E /* RITLPhotoNavigationViewController.m */,
				DB1E320C1F6BE4680024C60E /* RITLPhotoNavigationViewModel.h */,
				DB1E320D1F6BE4680024C60E /* RITLPhotoNavigationViewModel.m */,
			);
			path = Navigation;
			sourceTree = "<group>";
		};
		DB1E320E1F6BE4680024C60E /* PhotoDataManager */ = {
			isa = PBXGroup;
			children = (
				DB1E320F1F6BE4680024C60E /* RITLPhotoBridgeManager.h */,
				DB1E32101F6BE4680024C60E /* RITLPhotoBridgeManager.m */,
				DB1E32111F6BE4680024C60E /* RITLPhotoCacheManager.h */,
				DB1E32121F6BE4680024C60E /* RITLPhotoCacheManager.mm */,
				DB1E32131F6BE4680024C60E /* RITLPhotoHandleManager.h */,
				DB1E32141F6BE4680024C60E /* RITLPhotoHandleManager.m */,
			);
			path = PhotoDataManager;
			sourceTree = "<group>";
		};
		DB1E32151F6BE4680024C60E /* Photos */ = {
			isa = PBXGroup;
			children = (
				DB1E32161F6BE4680024C60E /* RITLPhotoBottomReusableView.h */,
				DB1E32171F6BE4680024C60E /* RITLPhotoBottomReusableView.m */,
				DB1E32181F6BE4680024C60E /* RITLPhotoPreviewController.h */,
				DB1E32191F6BE4680024C60E /* RITLPhotoPreviewController.m */,
				DB1E321A1F6BE4680024C60E /* RITLPhotosCell.h */,
				DB1E321B1F6BE4680024C60E /* RITLPhotosCell.m */,
				DB1E321C1F6BE4680024C60E /* RITLPhotosViewController.h */,
				DB1E321D1F6BE4680024C60E /* RITLPhotosViewController.m */,
				DB1E321E1F6BE4680024C60E /* RITLPhotosViewModel.h */,
				DB1E321F1F6BE4680024C60E /* RITLPhotosViewModel.m */,
			);
			path = Photos;
			sourceTree = "<group>";
		};
		DB1E32201F6BE4680024C60E /* PhotosStore */ = {
			isa = PBXGroup;
			children = (
				DB1E32211F6BE4680024C60E /* Localizable.strings */,
				DB1E32231F6BE4680024C60E /* RITLPhotoRequestStore.h */,
				DB1E32241F6BE4680024C60E /* RITLPhotoRequestStore.m */,
				DB1E32251F6BE4680024C60E /* RITLPhotoStore.h */,
				DB1E32261F6BE4680024C60E /* RITLPhotoStore.m */,
				DB1E32271F6BE4680024C60E /* RITLPhotoStoreConfiguraion.h */,
				DB1E32281F6BE4680024C60E /* RITLPhotoStoreConfiguraion.m */,
			);
			path = PhotosStore;
			sourceTree = "<group>";
		};
		DB1E322A1F6BE4680024C60E /* Supporting */ = {
			isa = PBXGroup;
			children = (
				DB1E322B1F6BE4680024C60E /* Category */,
				DB1E323C1F6BE4680024C60E /* Protocol */,
				DB1E32451F6BE4680024C60E /* RITLPhotoConfig.h */,
				DB1E32461F6BE4680024C60E /* RITLPhotos.xcassets */,
			);
			path = Supporting;
			sourceTree = "<group>";
		};
		DB1E322B1F6BE4680024C60E /* Category */ = {
			isa = PBXGroup;
			children = (
				DB1E322C1F6BE4680024C60E /* PHAsset+RITLPhotoRepresentation.h */,
				DB1E322D1F6BE4680024C60E /* PHAsset+RITLPhotoRepresentation.m */,
				DB1E322E1F6BE4680024C60E /* PHAssetCollection+RITLPhotoRepresentation.h */,
				DB1E322F1F6BE4680024C60E /* PHAssetCollection+RITLPhotoRepresentation.m */,
				DB1E32301F6BE4680024C60E /* PHFetchResult+RITLPhotoRepresentation.h */,
				DB1E32311F6BE4680024C60E /* PHFetchResult+RITLPhotoRepresentation.m */,
				DB1E32321F6BE4680024C60E /* PHImageRequestOptions+RITLPhotoRepresentation.h */,
				DB1E32331F6BE4680024C60E /* PHImageRequestOptions+RITLPhotoRepresentation.m */,
				DB1E32341F6BE4680024C60E /* UIBar+RITLPhotos.h */,
				DB1E32351F6BE4680024C60E /* UIBar+RITLPhotos.m */,
				DB1E32361F6BE4680024C60E /* UIButton+RITLBlockButton.h */,
				DB1E32371F6BE4680024C60E /* UIButton+RITLBlockButton.m */,
				DB1E32381F6BE4680024C60E /* UIView+RITLFrameChanged.h */,
				DB1E32391F6BE4680024C60E /* UIView+RITLFrameChanged.m */,
				DB1E323A1F6BE4680024C60E /* UIViewController+RITLPhotoAlertController.h */,
				DB1E323B1F6BE4680024C60E /* UIViewController+RITLPhotoAlertController.m */,
			);
			path = Category;
			sourceTree = "<group>";
		};
		DB1E323C1F6BE4680024C60E /* Protocol */ = {
			isa = PBXGroup;
			children = (
				DB1E323D1F6BE4680024C60E /* RITLPhotoCollectionCellViewModel.h */,
				DB1E323E1F6BE4680024C60E /* RITLPhotoCollectionViewModel.h */,
				DB1E323F1F6BE4680024C60E /* RITLPhotoPublicViewModel.h */,
				DB1E32401F6BE4680024C60E /* RITLPhotoScrollViewModel.h */,
				DB1E32411F6BE4680024C60E /* RITLPhotoTableCellViewModel.h */,
				DB1E32421F6BE4680024C60E /* RITLPhotoTableViewModel.h */,
				DB1E32431F6BE4680024C60E /* RITLPhotoTextFieldViewModel.h */,
				DB1E32441F6BE4680024C60E /* RITLPhotoViewController.h */,
			);
			path = Protocol;
			sourceTree = "<group>";
		};
		DB1E32651F6BE4880024C60E /* Tool */ = {
			isa = PBXGroup;
			children = (
				DB1E32661F6BE4880024C60E /* Masonry */,
			);
			path = Tool;
			sourceTree = "<group>";
		};
		DB1E32661F6BE4880024C60E /* Masonry */ = {
			isa = PBXGroup;
			children = (
				DB1E32671F6BE4880024C60E /* Info.plist */,
				DB1E32681F6BE4880024C60E /* MASCompositeConstraint.h */,
				DB1E32691F6BE4880024C60E /* MASCompositeConstraint.m */,
				DB1E326A1F6BE4880024C60E /* MASConstraint+Private.h */,
				DB1E326B1F6BE4880024C60E /* MASConstraint.h */,
				DB1E326C1F6BE4880024C60E /* MASConstraint.m */,
				DB1E326D1F6BE4880024C60E /* MASConstraintMaker.h */,
				DB1E326E1F6BE4880024C60E /* MASConstraintMaker.m */,
				DB1E326F1F6BE4880024C60E /* MASLayoutConstraint.h */,
				DB1E32701F6BE4880024C60E /* MASLayoutConstraint.m */,
				DB1E32711F6BE4880024C60E /* Masonry.h */,
				DB1E32721F6BE4880024C60E /* MASUtilities.h */,
				DB1E32731F6BE4880024C60E /* MASViewAttribute.h */,
				DB1E32741F6BE4880024C60E /* MASViewAttribute.m */,
				DB1E32751F6BE4880024C60E /* MASViewConstraint.h */,
				DB1E32761F6BE4880024C60E /* MASViewConstraint.m */,
				DB1E32771F6BE4880024C60E /* NSArray+MASAdditions.h */,
				DB1E32781F6BE4880024C60E /* NSArray+MASAdditions.m */,
				DB1E32791F6BE4880024C60E /* NSArray+MASShorthandAdditions.h */,
				DB1E327A1F6BE4880024C60E /* NSLayoutConstraint+MASDebugAdditions.h */,
				DB1E327B1F6BE4880024C60E /* NSLayoutConstraint+MASDebugAdditions.m */,
				DB1E327C1F6BE4880024C60E /* View+MASAdditions.h */,
				DB1E327D1F6BE4880024C60E /* View+MASAdditions.m */,
				DB1E327E1F6BE4880024C60E /* View+MASShorthandAdditions.h */,
				DB1E327F1F6BE4880024C60E /* ViewController+MASAdditions.h */,
				DB1E32801F6BE4880024C60E /* ViewController+MASAdditions.m */,
			);
			path = Masonry;
			sourceTree = "<group>";
		};
		DB302F1F1D35E3C7007B42C3 = {
			isa = PBXGroup;
			children = (
				DB1E31F61F6BE4680024C60E /* RITLPhotos */,
				DBA2760F1DED28F5007F4E0B /* RITLPhotoDemo */,
				DB302F291D35E3C7007B42C3 /* Products */,
				DB6129A61D4841E400358ED4 /* Frameworks */,
			);
			sourceTree = "<group>";
		};
		DB302F291D35E3C7007B42C3 /* Products */ = {
			isa = PBXGroup;
			children = (
				DB302F281D35E3C7007B42C3 /* RITLPhotoDemo.app */,
				DB302F411D35E3C7007B42C3 /* RITLPhotoDemoTests.xctest */,
				DB302F4C1D35E3C7007B42C3 /* RITLPhotoDemoUITests.xctest */,
			);
			name = Products;
			sourceTree = "<group>";
		};
		DB6129A61D4841E400358ED4 /* Frameworks */ = {
			isa = PBXGroup;
			children = (
				DBC3E4DB1D4845F9002FD0C7 /* Photos.framework */,
			);
			name = Frameworks;
			sourceTree = "<group>";
		};
		DBA2760F1DED28F5007F4E0B /* RITLPhotoDemo */ = {
			isa = PBXGroup;
			children = (
				DBA276101DED28F5007F4E0B /* Assets.xcassets */,
				DBA276111DED28F5007F4E0B /* LaunchScreen.storyboard */,
				DBA276131DED28F5007F4E0B /* Info.plist */,
				DBA276141DED28F5007F4E0B /* main.m */,
				DBA276151DED28F5007F4E0B /* Main.storyboard */,
				DBA276721DED28F6007F4E0B /* RITLPhotoMainViewController.h */,
				DBA276731DED28F6007F4E0B /* RITLPhotoMainViewController.m */,
				DBA276741DED28F6007F4E0B /* YPhotos.pch */,
				DBA276751DED28F6007F4E0B /* RITLPhotosAppDelegate.h */,
				DBA276761DED28F6007F4E0B /* RITLPhotosAppDelegate.m */,
				DBA276771DED28F6007F4E0B /* LaunchScreen.strings */,
			);
			path = RITLPhotoDemo;
			sourceTree = "<group>";
		};
/* End PBXGroup section */

/* Begin PBXNativeTarget section */
		DB302F271D35E3C7007B42C3 /* RITLPhotoDemo */ = {
			isa = PBXNativeTarget;
			buildConfigurationList = DB302F551D35E3C7007B42C3 /* Build configuration list for PBXNativeTarget "RITLPhotoDemo" */;
			buildPhases = (
				DB302F241D35E3C7007B42C3 /* Sources */,
				DB302F251D35E3C7007B42C3 /* Frameworks */,
				DB302F261D35E3C7007B42C3 /* Resources */,
			);
			buildRules = (
			);
			dependencies = (
			);
			name = RITLPhotoDemo;
			productName = YPPhotoDemo;
			productReference = DB302F281D35E3C7007B42C3 /* RITLPhotoDemo.app */;
			productType = "com.apple.product-type.application";
		};
		DB302F401D35E3C7007B42C3 /* RITLPhotoDemoTests */ = {
			isa = PBXNativeTarget;
			buildConfigurationList = DB302F581D35E3C7007B42C3 /* Build configuration list for PBXNativeTarget "RITLPhotoDemoTests" */;
			buildPhases = (
				DB302F3D1D35E3C7007B42C3 /* Sources */,
				DB302F3E1D35E3C7007B42C3 /* Frameworks */,
				DB302F3F1D35E3C7007B42C3 /* Resources */,
			);
			buildRules = (
			);
			dependencies = (
				DB302F431D35E3C7007B42C3 /* PBXTargetDependency */,
			);
			name = RITLPhotoDemoTests;
			productName = YPPhotoDemoTests;
			productReference = DB302F411D35E3C7007B42C3 /* RITLPhotoDemoTests.xctest */;
			productType = "com.apple.product-type.bundle.unit-test";
		};
		DB302F4B1D35E3C7007B42C3 /* RITLPhotoDemoUITests */ = {
			isa = PBXNativeTarget;
			buildConfigurationList = DB302F5B1D35E3C7007B42C3 /* Build configuration list for PBXNativeTarget "RITLPhotoDemoUITests" */;
			buildPhases = (
				DB302F481D35E3C7007B42C3 /* Sources */,
				DB302F491D35E3C7007B42C3 /* Frameworks */,
				DB302F4A1D35E3C7007B42C3 /* Resources */,
			);
			buildRules = (
			);
			dependencies = (
				DB302F4E1D35E3C7007B42C3 /* PBXTargetDependency */,
			);
			name = RITLPhotoDemoUITests;
			productName = YPPhotoDemoUITests;
			productReference = DB302F4C1D35E3C7007B42C3 /* RITLPhotoDemoUITests.xctest */;
			productType = "com.apple.product-type.bundle.ui-testing";
		};
/* End PBXNativeTarget section */

/* Begin PBXProject section */
		DB302F201D35E3C7007B42C3 /* Project object */ = {
			isa = PBXProject;
			attributes = {
				CLASSPREFIX = RITLPhoto;
				LastUpgradeCheck = 0820;
				ORGANIZATIONNAME = YueWen;
				TargetAttributes = {
					DB302F271D35E3C7007B42C3 = {
						CreatedOnToolsVersion = 7.3.1;
						ProvisioningStyle = Manual;
					};
					DB302F401D35E3C7007B42C3 = {
						CreatedOnToolsVersion = 7.3.1;
						TestTargetID = DB302F271D35E3C7007B42C3;
					};
					DB302F4B1D35E3C7007B42C3 = {
						CreatedOnToolsVersion = 7.3.1;
						TestTargetID = DB302F271D35E3C7007B42C3;
					};
				};
			};
			buildConfigurationList = DB302F231D35E3C7007B42C3 /* Build configuration list for PBXProject "RITLPhotoDemo" */;
			compatibilityVersion = "Xcode 3.2";
			developmentRegion = English;
			hasScannedForEncodings = 0;
			knownRegions = (
				en,
				Base,
				"zh-Hans",
			);
			mainGroup = DB302F1F1D35E3C7007B42C3;
			productRefGroup = DB302F291D35E3C7007B42C3 /* Products */;
			projectDirPath = "";
			projectRoot = "";
			targets = (
				DB302F271D35E3C7007B42C3 /* RITLPhotoDemo */,
				DB302F401D35E3C7007B42C3 /* RITLPhotoDemoTests */,
				DB302F4B1D35E3C7007B42C3 /* RITLPhotoDemoUITests */,
			);
		};
/* End PBXProject section */

/* Begin PBXResourcesBuildPhase section */
		DB302F261D35E3C7007B42C3 /* Resources */ = {
			isa = PBXResourcesBuildPhase;
			buildActionMask = 2147483647;
			files = (
				DB1E32581F6BE4680024C60E /* Localizable.strings in Resources */,
				DBA276791DED28F6007F4E0B /* Assets.xcassets in Resources */,
				DBA2767A1DED28F6007F4E0B /* LaunchScreen.storyboard in Resources */,
				DB1E32641F6BE4680024C60E /* RITLPhotos.xcassets in Resources */,
				DBA2767D1DED28F6007F4E0B /* Main.storyboard in Resources */,
				DBA276A71DED28F6007F4E0B /* LaunchScreen.strings in Resources */,
				DB1E32811F6BE4880024C60E /* Info.plist in Resources */,
			);
			runOnlyForDeploymentPostprocessing = 0;
		};
		DB302F3F1D35E3C7007B42C3 /* Resources */ = {
			isa = PBXResourcesBuildPhase;
			buildActionMask = 2147483647;
			files = (
			);
			runOnlyForDeploymentPostprocessing = 0;
		};
		DB302F4A1D35E3C7007B42C3 /* Resources */ = {
			isa = PBXResourcesBuildPhase;
			buildActionMask = 2147483647;
			files = (
			);
			runOnlyForDeploymentPostprocessing = 0;
		};
/* End PBXResourcesBuildPhase section */

/* Begin PBXSourcesBuildPhase section */
		DB302F241D35E3C7007B42C3 /* Sources */ = {
			isa = PBXSourcesBuildPhase;
			buildActionMask = 2147483647;
			files = (
				DB1E32561F6BE4680024C60E /* RITLPhotosViewController.m in Sources */,
				DB1E32531F6BE4680024C60E /* RITLPhotoBottomReusableView.m in Sources */,
				DBA2767C1DED28F6007F4E0B /* main.m in Sources */,
				DB1E324B1F6BE4680024C60E /* RITLPhotoGroupCell.m in Sources */,
				DB1E328B1F6BE4880024C60E /* ViewController+MASAdditions.m in Sources */,
				DB1E32571F6BE4680024C60E /* RITLPhotosViewModel.m in Sources */,
				DB1E32861F6BE4880024C60E /* MASViewAttribute.m in Sources */,
				DB1E32831F6BE4880024C60E /* MASConstraint.m in Sources */,
				DB1E325F1F6BE4680024C60E /* PHImageRequestOptions+RITLPhotoRepresentation.m in Sources */,
				DB1E32871F6BE4880024C60E /* MASViewConstraint.m in Sources */,
				DB1E32841F6BE4880024C60E /* MASConstraintMaker.m in Sources */,
				DB1E325C1F6BE4680024C60E /* PHAsset+RITLPhotoRepresentation.m in Sources */,
				DB1E325E1F6BE4680024C60E /* PHFetchResult+RITLPhotoRepresentation.m in Sources */,
				DB1E324F1F6BE4680024C60E /* RITLPhotoNavigationViewModel.m in Sources */,
				DB1E324D1F6BE4680024C60E /* RITLPhotoGroupViewModel.m in Sources */,
				DBA276A51DED28F6007F4E0B /* RITLPhotoMainViewController.m in Sources */,
				DB1E324E1F6BE4680024C60E /* RITLPhotoNavigationViewController.m in Sources */,
				DB1E32821F6BE4880024C60E /* MASCompositeConstraint.m in Sources */,
				DB1E325A1F6BE4680024C60E /* RITLPhotoStore.m in Sources */,
				DBA276A61DED28F6007F4E0B /* RITLPhotosAppDelegate.m in Sources */,
				DB1E32851F6BE4880024C60E /* MASLayoutConstraint.m in Sources */,
				DB1E32881F6BE4880024C60E /* NSArray+MASAdditions.m in Sources */,
				DB1E32611F6BE4680024C60E /* UIButton+RITLBlockButton.m in Sources */,
				DB1E324C1F6BE4680024C60E /* RITLPhotoGroupViewController.m in Sources */,
				DB1E32541F6BE4680024C60E /* RITLPhotoPreviewController.m in Sources */,
				DB1E32631F6BE4680024C60E /* UIViewController+RITLPhotoAlertController.m in Sources */,
				DB1E32511F6BE4680024C60E /* RITLPhotoCacheManager.mm in Sources */,
				DB1E32891F6BE4880024C60E /* NSLayoutConstraint+MASDebugAdditions.m in Sources */,
				DB1E32591F6BE4680024C60E /* RITLPhotoRequestStore.m in Sources */,
				DB1E328A1F6BE4880024C60E /* View+MASAdditions.m in Sources */,
				DB1E325B1F6BE4680024C60E /* RITLPhotoStoreConfiguraion.m in Sources */,
				DB1E32551F6BE4680024C60E /* RITLPhotosCell.m in Sources */,
				DB1E32491F6BE4680024C60E /* RITLPhotoBrowseController.m in Sources */,
				DB1E32521F6BE4680024C60E /* RITLPhotoHandleManager.m in Sources */,
				DB1E32481F6BE4680024C60E /* RITLPhotoBrowseCell.m in Sources */,
				DB1E32601F6BE4680024C60E /* UIBar+RITLPhotos.m in Sources */,
				DB1E32471F6BE4680024C60E /* RITLPhotoBaseViewModel.m in Sources */,
				DB1E325D1F6BE4680024C60E /* PHAssetCollection+RITLPhotoRepresentation.m in Sources */,
				DB1E324A1F6BE4680024C60E /* RITLPhotoBrowseViewModel.m in Sources */,
				DB1E32621F6BE4680024C60E /* UIView+RITLFrameChanged.m in Sources */,
				DB1E32501F6BE4680024C60E /* RITLPhotoBridgeManager.m in Sources */,
			);
			runOnlyForDeploymentPostprocessing = 0;
		};
		DB302F3D1D35E3C7007B42C3 /* Sources */ = {
			isa = PBXSourcesBuildPhase;
			buildActionMask = 2147483647;
			files = (
			);
			runOnlyForDeploymentPostprocessing = 0;
		};
		DB302F481D35E3C7007B42C3 /* Sources */ = {
			isa = PBXSourcesBuildPhase;
			buildActionMask = 2147483647;
			files = (
			);
			runOnlyForDeploymentPostprocessing = 0;
		};
/* End PBXSourcesBuildPhase section */

/* Begin PBXTargetDependency section */
		DB302F431D35E3C7007B42C3 /* PBXTargetDependency */ = {
			isa = PBXTargetDependency;
			target = DB302F271D35E3C7007B42C3 /* RITLPhotoDemo */;
			targetProxy = DB302F421D35E3C7007B42C3 /* PBXContainerItemProxy */;
		};
		DB302F4E1D35E3C7007B42C3 /* PBXTargetDependency */ = {
			isa = PBXTargetDependency;
			target = DB302F271D35E3C7007B42C3 /* RITLPhotoDemo */;
			targetProxy = DB302F4D1D35E3C7007B42C3 /* PBXContainerItemProxy */;
		};
/* End PBXTargetDependency section */

/* Begin PBXVariantGroup section */
		DB1E32211F6BE4680024C60E /* Localizable.strings */ = {
			isa = PBXVariantGroup;
			children = (
				DB1E32221F6BE4680024C60E /* en */,
				DB1E32291F6BE4680024C60E /* zh-Hans */,
			);
			name = Localizable.strings;
			sourceTree = "<group>";
		};
		DBA276111DED28F5007F4E0B /* LaunchScreen.storyboard */ = {
			isa = PBXVariantGroup;
			children = (
				DBA276121DED28F5007F4E0B /* Base */,
			);
			name = LaunchScreen.storyboard;
			sourceTree = "<group>";
		};
		DBA276771DED28F6007F4E0B /* LaunchScreen.strings */ = {
			isa = PBXVariantGroup;
			children = (
				DBA276781DED28F6007F4E0B /* zh-Hans */,
			);
			name = LaunchScreen.strings;
			sourceTree = "<group>";
		};
/* End PBXVariantGroup section */

/* Begin XCBuildConfiguration section */
		DB302F531D35E3C7007B42C3 /* Debug */ = {
			isa = XCBuildConfiguration;
			buildSettings = {
				ALWAYS_SEARCH_USER_PATHS = NO;
				CLANG_ANALYZER_LOCALIZABILITY_NONLOCALIZED = YES;
				CLANG_ANALYZER_NONNULL = YES;
				CLANG_CXX_LANGUAGE_STANDARD = "gnu++0x";
				CLANG_CXX_LIBRARY = "libc++";
				CLANG_ENABLE_MODULES = YES;
				CLANG_ENABLE_OBJC_ARC = YES;
				CLANG_WARN_BOOL_CONVERSION = YES;
				CLANG_WARN_CONSTANT_CONVERSION = YES;
				CLANG_WARN_DIRECT_OBJC_ISA_USAGE = YES_ERROR;
				CLANG_WARN_EMPTY_BODY = YES;
				CLANG_WARN_ENUM_CONVERSION = YES;
				CLANG_WARN_INFINITE_RECURSION = YES;
				CLANG_WARN_INT_CONVERSION = YES;
				CLANG_WARN_OBJC_ROOT_CLASS = YES_ERROR;
				CLANG_WARN_SUSPICIOUS_MOVE = YES;
				CLANG_WARN_UNREACHABLE_CODE = YES;
				CLANG_WARN__DUPLICATE_METHOD_MATCH = YES;
				"CODE_SIGN_IDENTITY[sdk=iphoneos*]" = "iPhone Developer";
				COPY_PHASE_STRIP = NO;
				DEBUG_INFORMATION_FORMAT = dwarf;
				ENABLE_STRICT_OBJC_MSGSEND = YES;
				ENABLE_TESTABILITY = YES;
				GCC_C_LANGUAGE_STANDARD = gnu99;
				GCC_DYNAMIC_NO_PIC = NO;
				GCC_NO_COMMON_BLOCKS = YES;
				GCC_OPTIMIZATION_LEVEL = 0;
				GCC_PREFIX_HEADER = YPPhotoDemo/YPhotos.pch;
				GCC_PREPROCESSOR_DEFINITIONS = (
					"DEBUG=1",
					"$(inherited)",
				);
				GCC_WARN_64_TO_32_BIT_CONVERSION = YES;
				GCC_WARN_ABOUT_RETURN_TYPE = YES_ERROR;
				GCC_WARN_UNDECLARED_SELECTOR = YES;
				GCC_WARN_UNINITIALIZED_AUTOS = YES_AGGRESSIVE;
				GCC_WARN_UNUSED_FUNCTION = YES;
				GCC_WARN_UNUSED_VARIABLE = YES;
				IPHONEOS_DEPLOYMENT_TARGET = 11.0;
				MTL_ENABLE_DEBUG_INFO = YES;
				ONLY_ACTIVE_ARCH = YES;
				SDKROOT = iphoneos;
			};
			name = Debug;
		};
		DB302F541D35E3C7007B42C3 /* Release */ = {
			isa = XCBuildConfiguration;
			buildSettings = {
				ALWAYS_SEARCH_USER_PATHS = NO;
				CLANG_ANALYZER_LOCALIZABILITY_NONLOCALIZED = YES;
				CLANG_ANALYZER_NONNULL = YES;
				CLANG_CXX_LANGUAGE_STANDARD = "gnu++0x";
				CLANG_CXX_LIBRARY = "libc++";
				CLANG_ENABLE_MODULES = YES;
				CLANG_ENABLE_OBJC_ARC = YES;
				CLANG_WARN_BOOL_CONVERSION = YES;
				CLANG_WARN_CONSTANT_CONVERSION = YES;
				CLANG_WARN_DIRECT_OBJC_ISA_USAGE = YES_ERROR;
				CLANG_WARN_EMPTY_BODY = YES;
				CLANG_WARN_ENUM_CONVERSION = YES;
				CLANG_WARN_INFINITE_RECURSION = YES;
				CLANG_WARN_INT_CONVERSION = YES;
				CLANG_WARN_OBJC_ROOT_CLASS = YES_ERROR;
				CLANG_WARN_SUSPICIOUS_MOVE = YES;
				CLANG_WARN_UNREACHABLE_CODE = YES;
				CLANG_WARN__DUPLICATE_METHOD_MATCH = YES;
				"CODE_SIGN_IDENTITY[sdk=iphoneos*]" = "iPhone Developer";
				COPY_PHASE_STRIP = NO;
				DEBUG_INFORMATION_FORMAT = "dwarf-with-dsym";
				ENABLE_NS_ASSERTIONS = NO;
				ENABLE_STRICT_OBJC_MSGSEND = YES;
				GCC_C_LANGUAGE_STANDARD = gnu99;
				GCC_NO_COMMON_BLOCKS = YES;
				GCC_PREFIX_HEADER = YPPhotoDemo/YPhotos.pch;
				GCC_WARN_64_TO_32_BIT_CONVERSION = YES;
				GCC_WARN_ABOUT_RETURN_TYPE = YES_ERROR;
				GCC_WARN_UNDECLARED_SELECTOR = YES;
				GCC_WARN_UNINITIALIZED_AUTOS = YES_AGGRESSIVE;
				GCC_WARN_UNUSED_FUNCTION = YES;
				GCC_WARN_UNUSED_VARIABLE = YES;
				IPHONEOS_DEPLOYMENT_TARGET = 11.0;
				MTL_ENABLE_DEBUG_INFO = NO;
				SDKROOT = iphoneos;
				VALIDATE_PRODUCT = YES;
			};
			name = Release;
		};
		DB302F561D35E3C7007B42C3 /* Debug */ = {
			isa = XCBuildConfiguration;
			buildSettings = {
				ASSETCATALOG_COMPILER_APPICON_NAME = AppIcon;
				CLANG_ENABLE_MODULES = YES;
				CODE_SIGN_IDENTITY = "iPhone Developer";
				"CODE_SIGN_IDENTITY[sdk=iphoneos*]" = "iPhone Developer";
				CODE_SIGN_STYLE = Manual;
				DEVELOPMENT_TEAM = "";
				FRAMEWORK_SEARCH_PATHS = (
					"$(inherited)",
					"$(PROJECT_DIR)",
				);
				GCC_PREFIX_HEADER = RITLPhotoDemo/YPhotos.pch;
				INFOPLIST_FILE = RITLPhotoDemo/Info.plist;
				IPHONEOS_DEPLOYMENT_TARGET = 8.0;
				LD_RUNPATH_SEARCH_PATHS = "$(inherited) @executable_path/Frameworks";
				LIBRARY_SEARCH_PATHS = (
					"$(inherited)",
					"$(PROJECT_DIR)",
				);
				OTHER_LDFLAGS = "";
				PRODUCT_BUNDLE_IDENTIFIER = "com.yue.RITL-PhotoObjC";
				PRODUCT_NAME = "$(TARGET_NAME)";
				PROVISIONING_PROFILE = "";
				PROVISIONING_PROFILE_SPECIFIER = "";
				SWIFT_OBJC_BRIDGING_HEADER = "YPPhotoDemo/PhotosFiles/PhotosStore/YPPhotoDemo-Bridging-Header.h";
				SWIFT_OPTIMIZATION_LEVEL = "-Onone";
			};
			name = Debug;
		};
		DB302F571D35E3C7007B42C3 /* Release */ = {
			isa = XCBuildConfiguration;
			buildSettings = {
				ASSETCATALOG_COMPILER_APPICON_NAME = AppIcon;
				CLANG_ENABLE_MODULES = YES;
				CODE_SIGN_IDENTITY = "iPhone Developer";
				"CODE_SIGN_IDENTITY[sdk=iphoneos*]" = "iPhone Developer";
				CODE_SIGN_STYLE = Manual;
				DEVELOPMENT_TEAM = "";
				FRAMEWORK_SEARCH_PATHS = (
					"$(inherited)",
					"$(PROJECT_DIR)",
				);
				GCC_PREFIX_HEADER = RITLPhotoDemo/YPhotos.pch;
				INFOPLIST_FILE = RITLPhotoDemo/Info.plist;
				IPHONEOS_DEPLOYMENT_TARGET = 8.0;
				LD_RUNPATH_SEARCH_PATHS = "$(inherited) @executable_path/Frameworks";
				LIBRARY_SEARCH_PATHS = (
					"$(inherited)",
					"$(PROJECT_DIR)",
				);
				OTHER_LDFLAGS = "";
				PRODUCT_BUNDLE_IDENTIFIER = "com.yue.RITL-PhotoObjC";
				PRODUCT_NAME = "$(TARGET_NAME)";
				PROVISIONING_PROFILE = "";
				PROVISIONING_PROFILE_SPECIFIER = "";
				SWIFT_OBJC_BRIDGING_HEADER = "YPPhotoDemo/PhotosFiles/PhotosStore/YPPhotoDemo-Bridging-Header.h";
			};
			name = Release;
		};
		DB302F591D35E3C7007B42C3 /* Debug */ = {
			isa = XCBuildConfiguration;
			buildSettings = {
				BUNDLE_LOADER = "$(TEST_HOST)";
				INFOPLIST_FILE = YPPhotoDemoTests/Info.plist;
				LD_RUNPATH_SEARCH_PATHS = "$(inherited) @executable_path/Frameworks @loader_path/Frameworks";
				PRODUCT_BUNDLE_IDENTIFIER = com.yue.YPPhotoDemoTests;
				PRODUCT_NAME = "$(TARGET_NAME)";
				TEST_HOST = "$(BUILT_PRODUCTS_DIR)/RITLPhotoDemo.app/RITLPhotoDemo";
			};
			name = Debug;
		};
		DB302F5A1D35E3C7007B42C3 /* Release */ = {
			isa = XCBuildConfiguration;
			buildSettings = {
				BUNDLE_LOADER = "$(TEST_HOST)";
				INFOPLIST_FILE = YPPhotoDemoTests/Info.plist;
				LD_RUNPATH_SEARCH_PATHS = "$(inherited) @executable_path/Frameworks @loader_path/Frameworks";
				PRODUCT_BUNDLE_IDENTIFIER = com.yue.YPPhotoDemoTests;
				PRODUCT_NAME = "$(TARGET_NAME)";
				TEST_HOST = "$(BUILT_PRODUCTS_DIR)/RITLPhotoDemo.app/RITLPhotoDemo";
			};
			name = Release;
		};
		DB302F5C1D35E3C7007B42C3 /* Debug */ = {
			isa = XCBuildConfiguration;
			buildSettings = {
				INFOPLIST_FILE = YPPhotoDemoUITests/Info.plist;
				LD_RUNPATH_SEARCH_PATHS = "$(inherited) @executable_path/Frameworks @loader_path/Frameworks";
				PRODUCT_BUNDLE_IDENTIFIER = com.yue.YPPhotoDemoUITests;
				PRODUCT_NAME = "$(TARGET_NAME)";
				TEST_TARGET_NAME = YPPhotoDemo;
			};
			name = Debug;
		};
		DB302F5D1D35E3C7007B42C3 /* Release */ = {
			isa = XCBuildConfiguration;
			buildSettings = {
				INFOPLIST_FILE = YPPhotoDemoUITests/Info.plist;
				LD_RUNPATH_SEARCH_PATHS = "$(inherited) @executable_path/Frameworks @loader_path/Frameworks";
				PRODUCT_BUNDLE_IDENTIFIER = com.yue.YPPhotoDemoUITests;
				PRODUCT_NAME = "$(TARGET_NAME)";
				TEST_TARGET_NAME = YPPhotoDemo;
			};
			name = Release;
		};
/* End XCBuildConfiguration section */

/* Begin XCConfigurationList section */
		DB302F231D35E3C7007B42C3 /* Build configuration list for PBXProject "RITLPhotoDemo" */ = {
			isa = XCConfigurationList;
			buildConfigurations = (
				DB302F531D35E3C7007B42C3 /* Debug */,
				DB302F541D35E3C7007B42C3 /* Release */,
			);
			defaultConfigurationIsVisible = 0;
			defaultConfigurationName = Release;
		};
		DB302F551D35E3C7007B42C3 /* Build configuration list for PBXNativeTarget "RITLPhotoDemo" */ = {
			isa = XCConfigurationList;
			buildConfigurations = (
				DB302F561D35E3C7007B42C3 /* Debug */,
				DB302F571D35E3C7007B42C3 /* Release */,
			);
			defaultConfigurationIsVisible = 0;
			defaultConfigurationName = Release;
		};
		DB302F581D35E3C7007B42C3 /* Build configuration list for PBXNativeTarget "RITLPhotoDemoTests" */ = {
			isa = XCConfigurationList;
			buildConfigurations = (
				DB302F591D35E3C7007B42C3 /* Debug */,
				DB302F5A1D35E3C7007B42C3 /* Release */,
			);
			defaultConfigurationIsVisible = 0;
			defaultConfigurationName = Release;
		};
		DB302F5B1D35E3C7007B42C3 /* Build configuration list for PBXNativeTarget "RITLPhotoDemoUITests" */ = {
			isa = XCConfigurationList;
			buildConfigurations = (
				DB302F5C1D35E3C7007B42C3 /* Debug */,
				DB302F5D1D35E3C7007B42C3 /* Release */,
			);
			defaultConfigurationIsVisible = 0;
			defaultConfigurationName = Release;
		};
/* End XCConfigurationList section */
	};
	rootObject = DB302F201D35E3C7007B42C3 /* Project object */;
}
